
Microsoft Visual Studio Solution File, Format Version 12.00
# Visual Studio Version 16
VisualStudioVersion = 16.0.28917.182
MinimumVisualStudioVersion = 10.0.40219.1
Project("{9A19103F-16F7-4668-BE54-9A1E7A4F7556}") = "StandardSeriesDemo", "StandardSeriesDemo.csproj", "{D34CDF56-429E-41EC-90DE-4FB142563F07}"
EndProject
Project("{2150E333-8FDC-42A3-9474-1A3956D46DE8}") = "NuGet", "NuGet", "{E1D9E943-24C7-45D1-9673-737FEB98A2B8}"
	ProjectSection(SolutionItems) = preProject
		nuget.config = nuget.config
	EndProjectSection
EndProject
Global
	GlobalSection(SolutionConfigurationPlatforms) = preSolution
		Debug|Any CPU = Debug|Any CPU
		Release|Any CPU = Release|Any CPU
	EndGlobalSection
	GlobalSection(ProjectConfigurationPlatforms) = postSolution
		{D34CDF56-429E-41EC-90DE-4FB142563F07}.Debug|Any CPU.ActiveCfg = Debug|Any CPU
		{D34CDF56-429E-41EC-90DE-4FB142563F07}.Debug|Any CPU.Build.0 = Debug|Any CPU
		{D34CDF56-429E-41EC-90DE-4FB142563F07}.Release|Any CPU.ActiveCfg = Release|Any CPU
		{D34CDF56-429E-41EC-90DE-4FB142563F07}.Release|Any CPU.Build.0 = Release|Any CPU
	EndGlobalSection
	GlobalSection(SolutionProperties) = preSolution
		HideSolutionNode = FALSE
	EndGlobalSection
	GlobalSection(ExtensibilityGlobals) = postSolution
		SolutionGuid = {5C117A2A-2FA3-4EEA-9FB6-C83D917B0EDC}
	EndGlobalSection
EndGlobal
