
Microsoft Visual Studio Solution File, Format Version 12.00
# Visual Studio Version 16
VisualStudioVersion = 16.0.28917.182
MinimumVisualStudioVersion = 10.0.40219.1
Project("{9A19103F-16F7-4668-BE54-9A1E7A4F7556}") = "WebAppNETCore3", "WebAppNETCore3\WebAppNETCore3.csproj", "{96CD0BB6-9063-4FCB-B968-80B9B840394B}"
EndProject
Project("{2150E333-8FDC-42A3-9474-1A3956D46DE8}") = "NuGet", "NuGet", "{79588A79-2C77-4EBC-8EE4-4DA249D4EA6D}"
	ProjectSection(SolutionItems) = preProject
		nuget.config = nuget.config
	EndProjectSection
EndProject
Global
	GlobalSection(SolutionConfigurationPlatforms) = preSolution
		Debug|Any CPU = Debug|Any CPU
		Release|Any CPU = Release|Any CPU
	EndGlobalSection
	GlobalSection(ProjectConfigurationPlatforms) = postSolution
		{96CD0BB6-9063-4FCB-B968-80B9B840394B}.Debug|Any CPU.ActiveCfg = Debug|Any CPU
		{96CD0BB6-9063-4FCB-B968-80B9B840394B}.Debug|Any CPU.Build.0 = Debug|Any CPU
		{96CD0BB6-9063-4FCB-B968-80B9B840394B}.Release|Any CPU.ActiveCfg = Release|Any CPU
		{96CD0BB6-9063-4FCB-B968-80B9B840394B}.Release|Any CPU.Build.0 = Release|Any CPU
	EndGlobalSection
	GlobalSection(SolutionProperties) = preSolution
		HideSolutionNode = FALSE
	EndGlobalSection
	GlobalSection(ExtensibilityGlobals) = postSolution
		SolutionGuid = {30387451-C3CE-4351-ACC6-3C2D2F7156A1}
	EndGlobalSection
EndGlobal
