
Microsoft Visual Studio Solution File, Format Version 12.00
# Visual Studio Version 17
VisualStudioVersion = 17.2.32602.215
MinimumVisualStudioVersion = 10.0.40219.1
Project("{FAE04EC0-301F-11D3-BF4B-00C04F79EFBC}") = "BenchmarkWinForm", "BenchmarkWinForm.csproj", "{F5C32B92-5A41-4DF9-9EA0-25B44FC254DF}"
EndProject
Global
	GlobalSection(SolutionConfigurationPlatforms) = preSolution
		Debug|Any CPU = Debug|Any CPU
		Release|Any CPU = Release|Any CPU
	EndGlobalSection
	GlobalSection(ProjectConfigurationPlatforms) = postSolution
		{F5C32B92-5A41-4DF9-9EA0-25B44FC254DF}.Debug|Any CPU.ActiveCfg = Debug|Any CPU
		{F5C32B92-5A41-4DF9-9EA0-25B44FC254DF}.Debug|Any CPU.Build.0 = Debug|Any CPU
		{F5C32B92-5A41-4DF9-9EA0-25B44FC254DF}.Release|Any CPU.ActiveCfg = Release|Any CPU
		{F5C32B92-5A41-4DF9-9EA0-25B44FC254DF}.Release|Any CPU.Build.0 = Release|Any CPU
	EndGlobalSection
	GlobalSection(SolutionProperties) = preSolution
		HideSolutionNode = FALSE
	EndGlobalSection
	GlobalSection(ExtensibilityGlobals) = postSolution
		SolutionGuid = {0D566527-9ED0-41D7-929F-3A4A72FC2683}
	EndGlobalSection
EndGlobal
